
Microsoft Visual Studio Solution File, Format Version 12.00
# Visual Studio Version 17
VisualStudioVersion = 17.2.32516.85
MinimumVisualStudioVersion = 10.0.40219.1
Project("{FAE04EC0-301F-11D3-BF4B-00C04F79EFBC}") = "OrderManager", "Obsluha\OrderManager.csproj", "{97394031-17DD-4B0B-B6A7-6AB51D60E40C}"
EndProject
Global
	GlobalSection(SolutionConfigurationPlatforms) = preSolution
		Debug|Any CPU = Debug|Any CPU
		Release|Any CPU = Release|Any CPU
	EndGlobalSection
	GlobalSection(ProjectConfigurationPlatforms) = postSolution
		{97394031-17DD-4B0B-B6A7-6AB51D60E40C}.Debug|Any CPU.ActiveCfg = Debug|Any CPU
		{97394031-17DD-4B0B-B6A7-6AB51D60E40C}.Debug|Any CPU.Build.0 = Debug|Any CPU
		{97394031-17DD-4B0B-B6A7-6AB51D60E40C}.Release|Any CPU.ActiveCfg = Release|Any CPU
		{97394031-17DD-4B0B-B6A7-6AB51D60E40C}.Release|Any CPU.Build.0 = Release|Any CPU
	EndGlobalSection
	GlobalSection(SolutionProperties) = preSolution
		HideSolutionNode = FALSE
	EndGlobalSection
	GlobalSection(ExtensibilityGlobals) = postSolution
		SolutionGuid = {DE1B3072-CE20-43EA-92A5-2ADD95B86CB9}
	EndGlobalSection
EndGlobal
